
Microsoft Visual Studio Solution File, Format Version 12.00
# Visual Studio Version 17
VisualStudioVersion = 17.2.32314.265
MinimumVisualStudioVersion = 10.0.40219.1
Project("{FAE04EC0-301F-11D3-BF4B-00C04F79EFBC}") = "ListFunctions", "ListFunctions\ListFunctions.csproj", "{7F301E5A-8611-47A0-AC4C-D4744188EC1D}"
EndProject
Global
	GlobalSection(SolutionConfigurationPlatforms) = preSolution
		Debug|Any CPU = Debug|Any CPU
		Release|Any CPU = Release|Any CPU
	EndGlobalSection
	GlobalSection(ProjectConfigurationPlatforms) = postSolution
		{7F301E5A-8611-47A0-AC4C-D4744188EC1D}.Debug|Any CPU.ActiveCfg = Debug|Any CPU
		{7F301E5A-8611-47A0-AC4C-D4744188EC1D}.Debug|Any CPU.Build.0 = Debug|Any CPU
		{7F301E5A-8611-47A0-AC4C-D4744188EC1D}.Release|Any CPU.ActiveCfg = Release|Any CPU
		{7F301E5A-8611-47A0-AC4C-D4744188EC1D}.Release|Any CPU.Build.0 = Release|Any CPU
	EndGlobalSection
	GlobalSection(SolutionProperties) = preSolution
		HideSolutionNode = FALSE
	EndGlobalSection
	GlobalSection(ExtensibilityGlobals) = postSolution
		SolutionGuid = {55C9A83C-74A1-40B5-BCF5-AFD9FEEF6495}
	EndGlobalSection
EndGlobal
